
Microsoft Visual Studio Solution File, Format Version 12.00
# Visual Studio 2012
Project("{FAE04EC0-301F-11D3-BF4B-00C04F79EFBC}") = "HMIS_121", "HMIS_121\HMIS_121.csproj", "{1FA7AD6F-73A0-4A0E-8581-440C27C0D6ED}"
EndProject
Project("{FAE04EC0-301F-11D3-BF4B-00C04F79EFBC}") = "DAL", "DAL\DAL.csproj", "{E765C62C-EBD9-470F-88F3-4B84872A0641}"
EndProject
Project("{FAE04EC0-301F-11D3-BF4B-00C04F79EFBC}") = "UTL", "UTL\UTL.csproj", "{C989DCA8-F18E-432C-97AF-8F013707756D}"
EndProject
Project("{6141683F-8A12-4E36-9623-2EB02B2C2303}") = "Setup", "Setup\Setup.isproj", "{E337C773-9A4E-4681-81FB-7FD71DD223A7}"
	ProjectSection(ProjectDependencies) = postProject
		{C989DCA8-F18E-432C-97AF-8F013707756D} = {C989DCA8-F18E-432C-97AF-8F013707756D}
	EndProjectSection
EndProject
Global
	GlobalSection(SolutionConfigurationPlatforms) = preSolution
		CD_ROM|Any CPU = CD_ROM|Any CPU
		Debug|Any CPU = Debug|Any CPU
		DVD-5|Any CPU = DVD-5|Any CPU
		Release|Any CPU = Release|Any CPU
		SingleImage|Any CPU = SingleImage|Any CPU
	EndGlobalSection
	GlobalSection(ProjectConfigurationPlatforms) = postSolution
		{1FA7AD6F-73A0-4A0E-8581-440C27C0D6ED}.CD_ROM|Any CPU.ActiveCfg = Release|Any CPU
		{1FA7AD6F-73A0-4A0E-8581-440C27C0D6ED}.CD_ROM|Any CPU.Build.0 = Release|Any CPU
		{1FA7AD6F-73A0-4A0E-8581-440C27C0D6ED}.Debug|Any CPU.ActiveCfg = Debug|Any CPU
		{1FA7AD6F-73A0-4A0E-8581-440C27C0D6ED}.Debug|Any CPU.Build.0 = Debug|Any CPU
		{1FA7AD6F-73A0-4A0E-8581-440C27C0D6ED}.DVD-5|Any CPU.ActiveCfg = Debug|Any CPU
		{1FA7AD6F-73A0-4A0E-8581-440C27C0D6ED}.DVD-5|Any CPU.Build.0 = Debug|Any CPU
		{1FA7AD6F-73A0-4A0E-8581-440C27C0D6ED}.Release|Any CPU.ActiveCfg = Release|Any CPU
		{1FA7AD6F-73A0-4A0E-8581-440C27C0D6ED}.Release|Any CPU.Build.0 = Release|Any CPU
		{1FA7AD6F-73A0-4A0E-8581-440C27C0D6ED}.SingleImage|Any CPU.ActiveCfg = Release|Any CPU
		{1FA7AD6F-73A0-4A0E-8581-440C27C0D6ED}.SingleImage|Any CPU.Build.0 = Release|Any CPU
		{E765C62C-EBD9-470F-88F3-4B84872A0641}.CD_ROM|Any CPU.ActiveCfg = Release|Any CPU
		{E765C62C-EBD9-470F-88F3-4B84872A0641}.CD_ROM|Any CPU.Build.0 = Release|Any CPU
		{E765C62C-EBD9-470F-88F3-4B84872A0641}.Debug|Any CPU.ActiveCfg = Debug|Any CPU
		{E765C62C-EBD9-470F-88F3-4B84872A0641}.Debug|Any CPU.Build.0 = Debug|Any CPU
		{E765C62C-EBD9-470F-88F3-4B84872A0641}.DVD-5|Any CPU.ActiveCfg = Debug|Any CPU
		{E765C62C-EBD9-470F-88F3-4B84872A0641}.DVD-5|Any CPU.Build.0 = Debug|Any CPU
		{E765C62C-EBD9-470F-88F3-4B84872A0641}.Release|Any CPU.ActiveCfg = Release|Any CPU
		{E765C62C-EBD9-470F-88F3-4B84872A0641}.Release|Any CPU.Build.0 = Release|Any CPU
		{E765C62C-EBD9-470F-88F3-4B84872A0641}.SingleImage|Any CPU.ActiveCfg = Release|Any CPU
		{E765C62C-EBD9-470F-88F3-4B84872A0641}.SingleImage|Any CPU.Build.0 = Release|Any CPU
		{C989DCA8-F18E-432C-97AF-8F013707756D}.CD_ROM|Any CPU.ActiveCfg = Release|Any CPU
		{C989DCA8-F18E-432C-97AF-8F013707756D}.CD_ROM|Any CPU.Build.0 = Release|Any CPU
		{C989DCA8-F18E-432C-97AF-8F013707756D}.Debug|Any CPU.ActiveCfg = Debug|Any CPU
		{C989DCA8-F18E-432C-97AF-8F013707756D}.Debug|Any CPU.Build.0 = Debug|Any CPU
		{C989DCA8-F18E-432C-97AF-8F013707756D}.DVD-5|Any CPU.ActiveCfg = Debug|Any CPU
		{C989DCA8-F18E-432C-97AF-8F013707756D}.DVD-5|Any CPU.Build.0 = Debug|Any CPU
		{C989DCA8-F18E-432C-97AF-8F013707756D}.Release|Any CPU.ActiveCfg = Release|Any CPU
		{C989DCA8-F18E-432C-97AF-8F013707756D}.Release|Any CPU.Build.0 = Release|Any CPU
		{C989DCA8-F18E-432C-97AF-8F013707756D}.SingleImage|Any CPU.ActiveCfg = Release|Any CPU
		{C989DCA8-F18E-432C-97AF-8F013707756D}.SingleImage|Any CPU.Build.0 = Release|Any CPU
		{E337C773-9A4E-4681-81FB-7FD71DD223A7}.CD_ROM|Any CPU.ActiveCfg = CD_ROM
		{E337C773-9A4E-4681-81FB-7FD71DD223A7}.CD_ROM|Any CPU.Build.0 = CD_ROM
		{E337C773-9A4E-4681-81FB-7FD71DD223A7}.Debug|Any CPU.ActiveCfg = DVD-5
		{E337C773-9A4E-4681-81FB-7FD71DD223A7}.Debug|Any CPU.Build.0 = DVD-5
		{E337C773-9A4E-4681-81FB-7FD71DD223A7}.DVD-5|Any CPU.ActiveCfg = DVD-5
		{E337C773-9A4E-4681-81FB-7FD71DD223A7}.DVD-5|Any CPU.Build.0 = DVD-5
		{E337C773-9A4E-4681-81FB-7FD71DD223A7}.Release|Any CPU.ActiveCfg = SingleImage
		{E337C773-9A4E-4681-81FB-7FD71DD223A7}.Release|Any CPU.Build.0 = SingleImage
		{E337C773-9A4E-4681-81FB-7FD71DD223A7}.SingleImage|Any CPU.ActiveCfg = SingleImage
		{E337C773-9A4E-4681-81FB-7FD71DD223A7}.SingleImage|Any CPU.Build.0 = SingleImage
	EndGlobalSection
	GlobalSection(SolutionProperties) = preSolution
		HideSolutionNode = FALSE
	EndGlobalSection
	GlobalSection(ExtensibilityGlobals) = postSolution
		VisualSVNWorkingCopyRoot = .
	EndGlobalSection
EndGlobal
